
Microsoft Visual Studio Solution File, Format Version 12.00
# Visual Studio 2013
VisualStudioVersion = 12.0.21005.1
MinimumVisualStudioVersion = 10.0.40219.1
Project("{FAE04EC0-301F-11D3-BF4B-00C04F79EFBC}") = "Mycroft", "Mycroft.csproj", "{D72071E2-B7A3-45EB-AEFA-94C135547608}"
EndProject
Project("{FAE04EC0-301F-11D3-BF4B-00C04F79EFBC}") = "Mycroft.Tests", "..\Mycroft.Tests\Mycroft.Tests.csproj", "{D2775759-374C-4FCB-A5AA-A82679E69661}"
EndProject
Project("{FAE04EC0-301F-11D3-BF4B-00C04F79EFBC}") = "Mycroft.Messages", "..\Mycroft.Messages\Mycroft.Messages.csproj", "{39B5B576-AF92-408A-8702-C83F9969C5ED}"
EndProject
Project("{FAE04EC0-301F-11D3-BF4B-00C04F79EFBC}") = "Mycroft.Messages.Test", "..\Mycroft.Messages.Test\Mycroft.Messages.Test.csproj", "{F2541477-7962-4B1E-AFFF-B608DDAFCA91}"
EndProject
Global
	GlobalSection(SolutionConfigurationPlatforms) = preSolution
		Debug|Any CPU = Debug|Any CPU
		Release|Any CPU = Release|Any CPU
	EndGlobalSection
	GlobalSection(ProjectConfigurationPlatforms) = postSolution
		{D72071E2-B7A3-45EB-AEFA-94C135547608}.Debug|Any CPU.ActiveCfg = Debug|Any CPU
		{D72071E2-B7A3-45EB-AEFA-94C135547608}.Debug|Any CPU.Build.0 = Debug|Any CPU
		{D72071E2-B7A3-45EB-AEFA-94C135547608}.Release|Any CPU.ActiveCfg = Release|Any CPU
		{D72071E2-B7A3-45EB-AEFA-94C135547608}.Release|Any CPU.Build.0 = Release|Any CPU
		{D2775759-374C-4FCB-A5AA-A82679E69661}.Debug|Any CPU.ActiveCfg = Debug|Any CPU
		{D2775759-374C-4FCB-A5AA-A82679E69661}.Debug|Any CPU.Build.0 = Debug|Any CPU
		{D2775759-374C-4FCB-A5AA-A82679E69661}.Release|Any CPU.ActiveCfg = Release|Any CPU
		{D2775759-374C-4FCB-A5AA-A82679E69661}.Release|Any CPU.Build.0 = Release|Any CPU
		{39B5B576-AF92-408A-8702-C83F9969C5ED}.Debug|Any CPU.ActiveCfg = Debug|Any CPU
		{39B5B576-AF92-408A-8702-C83F9969C5ED}.Debug|Any CPU.Build.0 = Debug|Any CPU
		{39B5B576-AF92-408A-8702-C83F9969C5ED}.Release|Any CPU.ActiveCfg = Release|Any CPU
		{39B5B576-AF92-408A-8702-C83F9969C5ED}.Release|Any CPU.Build.0 = Release|Any CPU
		{F2541477-7962-4B1E-AFFF-B608DDAFCA91}.Debug|Any CPU.ActiveCfg = Debug|Any CPU
		{F2541477-7962-4B1E-AFFF-B608DDAFCA91}.Debug|Any CPU.Build.0 = Debug|Any CPU
		{F2541477-7962-4B1E-AFFF-B608DDAFCA91}.Release|Any CPU.ActiveCfg = Release|Any CPU
		{F2541477-7962-4B1E-AFFF-B608DDAFCA91}.Release|Any CPU.Build.0 = Release|Any CPU
	EndGlobalSection
	GlobalSection(SolutionProperties) = preSolution
		HideSolutionNode = FALSE
	EndGlobalSection
EndGlobal
